
Microsoft Visual Studio Solution File, Format Version 12.00
# Visual Studio Version 16
VisualStudioVersion = 16.0.28922.388
MinimumVisualStudioVersion = 10.0.40219.1
Project("{8BC9CEB8-8B4A-11D0-8D11-00A0C91BC942}") = "aaaa", "aaaa.vcxproj", "{61C0766C-5609-4087-8FBD-3B5CCF834239}"
EndProject
Global
	GlobalSection(SolutionConfigurationPlatforms) = preSolution
		Debug|x64 = Debug|x64
		Debug|x86 = Debug|x86
		Release|x64 = Release|x64
		Release|x86 = Release|x86
	EndGlobalSection
	GlobalSection(ProjectConfigurationPlatforms) = postSolution
		{61C0766C-5609-4087-8FBD-3B5CCF834239}.Debug|x64.ActiveCfg = Debug|x64
		{61C0766C-5609-4087-8FBD-3B5CCF834239}.Debug|x64.Build.0 = Debug|x64
		{61C0766C-5609-4087-8FBD-3B5CCF834239}.Debug|x86.ActiveCfg = Debug|Win32
		{61C0766C-5609-4087-8FBD-3B5CCF834239}.Debug|x86.Build.0 = Debug|Win32
		{61C0766C-5609-4087-8FBD-3B5CCF834239}.Release|x64.ActiveCfg = Release|x64
		{61C0766C-5609-4087-8FBD-3B5CCF834239}.Release|x64.Build.0 = Release|x64
		{61C0766C-5609-4087-8FBD-3B5CCF834239}.Release|x86.ActiveCfg = Release|Win32
		{61C0766C-5609-4087-8FBD-3B5CCF834239}.Release|x86.Build.0 = Release|Win32
	EndGlobalSection
	GlobalSection(SolutionProperties) = preSolution
		HideSolutionNode = FALSE
	EndGlobalSection
	GlobalSection(ExtensibilityGlobals) = postSolution
		SolutionGuid = {1002C0A3-A539-41E1-A7AA-75C5FE5C2774}
	EndGlobalSection
EndGlobal
